// !$*UTF8*$!
{
	archiveVersion = 1;
	classes = {
	};
	objectVersion = 48;
	objects = {

/* Begin PBXBuildFile section */
		0574E50A20E96F4200AFF648 /* AppDelegate.swift in Sources */ = {isa = PBXBuildFile; fileRef = 0574E50920E96F4200AFF648 /* AppDelegate.swift */; };
		0574E50C20E96F4200AFF648 /* ViewController.swift in Sources */ = {isa = PBXBuildFile; fileRef = 0574E50B20E96F4200AFF648 /* ViewController.swift */; };
		0574E50F20E96F4200AFF648 /* Main.storyboard in Resources */ = {isa = PBXBuildFile; fileRef = 0574E50D20E96F4200AFF648 /* Main.storyboard */; };
		0574E51120E96F4200AFF648 /* Assets.xcassets in Resources */ = {isa = PBXBuildFile; fileRef = 0574E51020E96F4200AFF648 /* Assets.xcassets */; };
		0574E51420E96F4200AFF648 /* LaunchScreen.storyboard in Resources */ = {isa = PBXBuildFile; fileRef = 0574E51220E96F4200AFF648 /* LaunchScreen.storyboard */; };
		0574E51C20E97B4A00AFF648 /* AddNewBookViewController.swift in Sources */ = {isa = PBXBuildFile; fileRef = 0574E51B20E97B4A00AFF648 /* AddNewBookViewController.swift */; };
		0574E51E20E97B9500AFF648 /* BookListTableViewController.swift in Sources */ = {isa = PBXBuildFile; fileRef = 0574E51D20E97B9500AFF648 /* BookListTableViewController.swift */; };
		05AAC49D20E9821C007D181E /* Books.xcdatamodeld in Sources */ = {isa = PBXBuildFile; fileRef = 05AAC49B20E9821C007D181E /* Books.xcdatamodeld */; };
		05AAC49F20E982C5007D181E /* CoreDataManagement.swift in Sources */ = {isa = PBXBuildFile; fileRef = 05AAC49E20E982C5007D181E /* CoreDataManagement.swift */; };
/* End PBXBuildFile section */

/* Begin PBXFileReference section */
		0574E50620E96F4200AFF648 /* ReaderBuddy.app */ = {isa = PBXFileReference; explicitFileType = wrapper.application; includeInIndex = 0; path = ReaderBuddy.app; sourceTree = BUILT_PRODUCTS_DIR; };
		0574E50920E96F4200AFF648 /* AppDelegate.swift */ = {isa = PBXFileReference; lastKnownFileType = sourcecode.swift; path = AppDelegate.swift; sourceTree = "<group>"; };
		0574E50B20E96F4200AFF648 /* ViewController.swift */ = {isa = PBXFileReference; lastKnownFileType = sourcecode.swift; path = ViewController.swift; sourceTree = "<group>"; };
		0574E50E20E96F4200AFF648 /* Base */ = {isa = PBXFileReference; lastKnownFileType = file.storyboard; name = Base; path = Base.lproj/Main.storyboard; sourceTree = "<group>"; };
		0574E51020E96F4200AFF648 /* Assets.xcassets */ = {isa = PBXFileReference; lastKnownFileType = folder.assetcatalog; path = Assets.xcassets; sourceTree = "<group>"; };
		0574E51320E96F4200AFF648 /* Base */ = {isa = PBXFileReference; lastKnownFileType = file.storyboard; name = Base; path = Base.lproj/LaunchScreen.storyboard; sourceTree = "<group>"; };
		0574E51520E96F4200AFF648 /* Info.plist */ = {isa = PBXFileReference; lastKnownFileType = text.plist.xml; path = Info.plist; sourceTree = "<group>"; };
		0574E51B20E97B4A00AFF648 /* AddNewBookViewController.swift */ = {isa = PBXFileReference; lastKnownFileType = sourcecode.swift; path = AddNewBookViewController.swift; sourceTree = "<group>"; };
		0574E51D20E97B9500AFF648 /* BookListTableViewController.swift */ = {isa = PBXFileReference; lastKnownFileType = sourcecode.swift; path = BookListTableViewController.swift; sourceTree = "<group>"; };
		05AAC49C20E9821C007D181E /* Books.xcdatamodel */ = {isa = PBXFileReference; lastKnownFileType = wrapper.xcdatamodel; path = Books.xcdatamodel; sourceTree = "<group>"; };
		05AAC49E20E982C5007D181E /* CoreDataManagement.swift */ = {isa = PBXFileReference; lastKnownFileType = sourcecode.swift; path = CoreDataManagement.swift; sourceTree = "<group>"; };
/* End PBXFileReference section */

/* Begin PBXFrameworksBuildPhase section */
		0574E50320E96F4200AFF648 /* Frameworks */ = {
			isa = PBXFrameworksBuildPhase;
			buildActionMask = 2147483647;
			files = (
			);
			runOnlyForDeploymentPostprocessing = 0;
		};
/* End PBXFrameworksBuildPhase section */

/* Begin PBXGroup section */
		0574E4FD20E96F4200AFF648 = {
			isa = PBXGroup;
			children = (
				0574E50820E96F4200AFF648 /* ReaderBuddy */,
				0574E50720E96F4200AFF648 /* Products */,
			);
			sourceTree = "<group>";
		};
		0574E50720E96F4200AFF648 /* Products */ = {
			isa = PBXGroup;
			children = (
				0574E50620E96F4200AFF648 /* ReaderBuddy.app */,
			);
			name = Products;
			sourceTree = "<group>";
		};
		0574E50820E96F4200AFF648 /* ReaderBuddy */ = {
			isa = PBXGroup;
			children = (
				0574E51B20E97B4A00AFF648 /* AddNewBookViewController.swift */,
				0574E51D20E97B9500AFF648 /* BookListTableViewController.swift */,
				05AAC49E20E982C5007D181E /* CoreDataManagement.swift */,
				0574E50920E96F4200AFF648 /* AppDelegate.swift */,
				0574E50B20E96F4200AFF648 /* ViewController.swift */,
				0574E50D20E96F4200AFF648 /* Main.storyboard */,
				0574E51020E96F4200AFF648 /* Assets.xcassets */,
				0574E51220E96F4200AFF648 /* LaunchScreen.storyboard */,
				0574E51520E96F4200AFF648 /* Info.plist */,
				05AAC49B20E9821C007D181E /* Books.xcdatamodeld */,
			);
			path = ReaderBuddy;
			sourceTree = "<group>";
		};
/* End PBXGroup section */

/* Begin PBXNativeTarget section */
		0574E50520E96F4200AFF648 /* ReaderBuddy */ = {
			isa = PBXNativeTarget;
			buildConfigurationList = 0574E51820E96F4200AFF648 /* Build configuration list for PBXNativeTarget "ReaderBuddy" */;
			buildPhases = (
				0574E50220E96F4200AFF648 /* Sources */,
				0574E50320E96F4200AFF648 /* Frameworks */,
				0574E50420E96F4200AFF648 /* Resources */,
			);
			buildRules = (
			);
			dependencies = (
			);
			name = ReaderBuddy;
			productName = ReaderBuddy;
			productReference = 0574E50620E96F4200AFF648 /* ReaderBuddy.app */;
			productType = "com.apple.product-type.application";
		};
/* End PBXNativeTarget section */

/* Begin PBXProject section */
		0574E4FE20E96F4200AFF648 /* Project object */ = {
			isa = PBXProject;
			attributes = {
				LastSwiftUpdateCheck = 0910;
				LastUpgradeCheck = 0910;
				ORGANIZATIONNAME = "Dean Ivanov";
				TargetAttributes = {
					0574E50520E96F4200AFF648 = {
						CreatedOnToolsVersion = 9.1;
						ProvisioningStyle = Automatic;
					};
				};
			};
			buildConfigurationList = 0574E50120E96F4200AFF648 /* Build configuration list for PBXProject "ReaderBuddy" */;
			compatibilityVersion = "Xcode 8.0";
			developmentRegion = en;
			hasScannedForEncodings = 0;
			knownRegions = (
				en,
				Base,
			);
			mainGroup = 0574E4FD20E96F4200AFF648;
			productRefGroup = 0574E50720E96F4200AFF648 /* Products */;
			projectDirPath = "";
			projectRoot = "";
			targets = (
				0574E50520E96F4200AFF648 /* ReaderBuddy */,
			);
		};
/* End PBXProject section */

/* Begin PBXResourcesBuildPhase section */
		0574E50420E96F4200AFF648 /* Resources */ = {
			isa = PBXResourcesBuildPhase;
			buildActionMask = 2147483647;
			files = (
				0574E51420E96F4200AFF648 /* LaunchScreen.storyboard in Resources */,
				0574E51120E96F4200AFF648 /* Assets.xcassets in Resources */,
				0574E50F20E96F4200AFF648 /* Main.storyboard in Resources */,
			);
			runOnlyForDeploymentPostprocessing = 0;
		};
/* End PBXResourcesBuildPhase section */

/* Begin PBXSourcesBuildPhase section */
		0574E50220E96F4200AFF648 /* Sources */ = {
			isa = PBXSourcesBuildPhase;
			buildActionMask = 2147483647;
			files = (
				0574E50C20E96F4200AFF648 /* ViewController.swift in Sources */,
				0574E50A20E96F4200AFF648 /* AppDelegate.swift in Sources */,
				05AAC49D20E9821C007D181E /* Books.xcdatamodeld in Sources */,
				0574E51E20E97B9500AFF648 /* BookListTableViewController.swift in Sources */,
				0574E51C20E97B4A00AFF648 /* AddNewBookViewController.swift in Sources */,
				05AAC49F20E982C5007D181E /* CoreDataManagement.swift in Sources */,
			);
			runOnlyForDeploymentPostprocessing = 0;
		};
/* End PBXSourcesBuildPhase section */

/* Begin PBXVariantGroup section */
		0574E50D20E96F4200AFF648 /* Main.storyboard */ = {
			isa = PBXVariantGroup;
			children = (
				0574E50E20E96F4200AFF648 /* Base */,
			);
			name = Main.storyboard;
			sourceTree = "<group>";
		};
		0574E51220E96F4200AFF648 /* LaunchScreen.storyboard */ = {
			isa = PBXVariantGroup;
			children = (
				0574E51320E96F4200AFF648 /* Base */,
			);
			name = LaunchScreen.storyboard;
			sourceTree = "<group>";
		};
/* End PBXVariantGroup section */

/* Begin XCBuildConfiguration section */
		0574E51620E96F4200AFF648 /* Debug */ = {
			isa = XCBuildConfiguration;
			buildSettings = {
				ALWAYS_SEARCH_USER_PATHS = NO;
				CLANG_ANALYZER_NONNULL = YES;
				CLANG_ANALYZER_NUMBER_OBJECT_CONVERSION = YES_AGGRESSIVE;
				CLANG_CXX_LANGUAGE_STANDARD = "gnu++14";
				CLANG_CXX_LIBRARY = "libc++";
				CLANG_ENABLE_MODULES = YES;
				CLANG_ENABLE_OBJC_ARC = YES;
				CLANG_WARN_BLOCK_CAPTURE_AUTORELEASING = YES;
				CLANG_WARN_BOOL_CONVERSION = YES;
				CLANG_WARN_COMMA = YES;
				CLANG_WARN_CONSTANT_CONVERSION = YES;
				CLANG_WARN_DIRECT_OBJC_ISA_USAGE = YES_ERROR;
				CLANG_WARN_DOCUMENTATION_COMMENTS = YES;
				CLANG_WARN_EMPTY_BODY = YES;
				CLANG_WARN_ENUM_CONVERSION = YES;
				CLANG_WARN_INFINITE_RECURSION = YES;
				CLANG_WARN_INT_CONVERSION = YES;
				CLANG_WARN_NON_LITERAL_NULL_CONVERSION = YES;
				CLANG_WARN_OBJC_LITERAL_CONVERSION = YES;
				CLANG_WARN_OBJC_ROOT_CLASS = YES_ERROR;
				CLANG_WARN_RANGE_LOOP_ANALYSIS = YES;
				CLANG_WARN_STRICT_PROTOTYPES = YES;
				CLANG_WARN_SUSPICIOUS_MOVE = YES;
				CLANG_WARN_UNGUARDED_AVAILABILITY = YES_AGGRESSIVE;
				CLANG_WARN_UNREACHABLE_CODE = YES;
				CLANG_WARN__DUPLICATE_METHOD_MATCH = YES;
				CODE_SIGN_IDENTITY = "iPhone Developer";
				COPY_PHASE_STRIP = NO;
				DEBUG_INFORMATION_FORMAT = dwarf;
				ENABLE_STRICT_OBJC_MSGSEND = YES;
				ENABLE_TESTABILITY = YES;
				GCC_C_LANGUAGE_STANDARD = gnu11;
				GCC_DYNAMIC_NO_PIC = NO;
				GCC_NO_COMMON_BLOCKS = YES;
				GCC_OPTIMIZATION_LEVEL = 0;
				GCC_PREPROCESSOR_DEFINITIONS = (
					"DEBUG=1",
					"$(inherited)",
				);
				GCC_WARN_64_TO_32_BIT_CONVERSION = YES;
				GCC_WARN_ABOUT_RETURN_TYPE = YES_ERROR;
				GCC_WARN_UNDECLARED_SELECTOR = YES;
				GCC_WARN_UNINITIALIZED_AUTOS = YES_AGGRESSIVE;
				GCC_WARN_UNUSED_FUNCTION = YES;
				GCC_WARN_UNUSED_VARIABLE = YES;
				IPHONEOS_DEPLOYMENT_TARGET = 11.1;
				MTL_ENABLE_DEBUG_INFO = YES;
				ONLY_ACTIVE_ARCH = YES;
				SDKROOT = iphoneos;
				SWIFT_ACTIVE_COMPILATION_CONDITIONS = DEBUG;
				SWIFT_OPTIMIZATION_LEVEL = "-Onone";
			};
			name = Debug;
		};
		0574E51720E96F4200AFF648 /* Release */ = {
			isa = XCBuildConfiguration;
			buildSettings = {
				ALWAYS_SEARCH_USER_PATHS = NO;
				CLANG_ANALYZER_NONNULL = YES;
				CLANG_ANALYZER_NUMBER_OBJECT_CONVERSION = YES_AGGRESSIVE;
				CLANG_CXX_LANGUAGE_STANDARD = "gnu++14";
				CLANG_CXX_LIBRARY = "libc++";
				CLANG_ENABLE_MODULES = YES;
				CLANG_ENABLE_OBJC_ARC = YES;
				CLANG_WARN_BLOCK_CAPTURE_AUTORELEASING = YES;
				CLANG_WARN_BOOL_CONVERSION = YES;
				CLANG_WARN_COMMA = YES;
				CLANG_WARN_CONSTANT_CONVERSION = YES;
				CLANG_WARN_DIRECT_OBJC_ISA_USAGE = YES_ERROR;
				CLANG_WARN_DOCUMENTATION_COMMENTS = YES;
				CLANG_WARN_EMPTY_BODY = YES;
				CLANG_WARN_ENUM_CONVERSION = YES;
				CLANG_WARN_INFINITE_RECURSION = YES;
				CLANG_WARN_INT_CONVERSION = YES;
				CLANG_WARN_NON_LITERAL_NULL_CONVERSION = YES;
				CLANG_WARN_OBJC_LITERAL_CONVERSION = YES;
				CLANG_WARN_OBJC_ROOT_CLASS = YES_ERROR;
				CLANG_WARN_RANGE_LOOP_ANALYSIS = YES;
				CLANG_WARN_STRICT_PROTOTYPES = YES;
				CLANG_WARN_SUSPICIOUS_MOVE = YES;
				CLANG_WARN_UNGUARDED_AVAILABILITY = YES_AGGRESSIVE;
				CLANG_WARN_UNREACHABLE_CODE = YES;
				CLANG_WARN__DUPLICATE_METHOD_MATCH = YES;
				CODE_SIGN_IDENTITY = "iPhone Developer";
				COPY_PHASE_STRIP = NO;
				DEBUG_INFORMATION_FORMAT = "dwarf-with-dsym";
				ENABLE_NS_ASSERTIONS = NO;
				ENABLE_STRICT_OBJC_MSGSEND = YES;
				GCC_C_LANGUAGE_STANDARD = gnu11;
				GCC_NO_COMMON_BLOCKS = YES;
				GCC_WARN_64_TO_32_BIT_CONVERSION = YES;
				GCC_WARN_ABOUT_RETURN_TYPE = YES_ERROR;
				GCC_WARN_UNDECLARED_SELECTOR = YES;
				GCC_WARN_UNINITIALIZED_AUTOS = YES_AGGRESSIVE;
				GCC_WARN_UNUSED_FUNCTION = YES;
				GCC_WARN_UNUSED_VARIABLE = YES;
				IPHONEOS_DEPLOYMENT_TARGET = 11.1;
				MTL_ENABLE_DEBUG_INFO = NO;
				SDKROOT = iphoneos;
				SWIFT_OPTIMIZATION_LEVEL = "-Owholemodule";
				VALIDATE_PRODUCT = YES;
			};
			name = Release;
		};
		0574E51920E96F4200AFF648 /* Debug */ = {
			isa = XCBuildConfiguration;
			buildSettings = {
				ASSETCATALOG_COMPILER_APPICON_NAME = AppIcon;
				CODE_SIGN_STYLE = Automatic;
				INFOPLIST_FILE = ReaderBuddy/Info.plist;
				LD_RUNPATH_SEARCH_PATHS = "$(inherited) @executable_path/Frameworks";
				PRODUCT_BUNDLE_IDENTIFIER = ivanovd.ReaderBuddy;
				PRODUCT_NAME = "$(TARGET_NAME)";
				SWIFT_VERSION = 4.0;
				TARGETED_DEVICE_FAMILY = "1,2";
			};
			name = Debug;
		};
		0574E51A20E96F4200AFF648 /* Release */ = {
			isa = XCBuildConfiguration;
			buildSettings = {
				ASSETCATALOG_COMPILER_APPICON_NAME = AppIcon;
				CODE_SIGN_STYLE = Automatic;
				INFOPLIST_FILE = ReaderBuddy/Info.plist;
				LD_RUNPATH_SEARCH_PATHS = "$(inherited) @executable_path/Frameworks";
				PRODUCT_BUNDLE_IDENTIFIER = ivanovd.ReaderBuddy;
				PRODUCT_NAME = "$(TARGET_NAME)";
				SWIFT_VERSION = 4.0;
				TARGETED_DEVICE_FAMILY = "1,2";
			};
			name = Release;
		};
/* End XCBuildConfiguration section */

/* Begin XCConfigurationList section */
		0574E50120E96F4200AFF648 /* Build configuration list for PBXProject "ReaderBuddy" */ = {
			isa = XCConfigurationList;
			buildConfigurations = (
				0574E51620E96F4200AFF648 /* Debug */,
				0574E51720E96F4200AFF648 /* Release */,
			);
			defaultConfigurationIsVisible = 0;
			defaultConfigurationName = Release;
		};
		0574E51820E96F4200AFF648 /* Build configuration list for PBXNativeTarget "ReaderBuddy" */ = {
			isa = XCConfigurationList;
			buildConfigurations = (
				0574E51920E96F4200AFF648 /* Debug */,
				0574E51A20E96F4200AFF648 /* Release */,
			);
			defaultConfigurationIsVisible = 0;
			defaultConfigurationName = Release;
		};
/* End XCConfigurationList section */

/* Begin XCVersionGroup section */
		05AAC49B20E9821C007D181E /* Books.xcdatamodeld */ = {
			isa = XCVersionGroup;
			children = (
				05AAC49C20E9821C007D181E /* Books.xcdatamodel */,
			);
			currentVersion = 05AAC49C20E9821C007D181E /* Books.xcdatamodel */;
			path = Books.xcdatamodeld;
			sourceTree = "<group>";
			versionGroupType = wrapper.xcdatamodel;
		};
/* End XCVersionGroup section */
	};
	rootObject = 0574E4FE20E96F4200AFF648 /* Project object */;
}
